
Microsoft Visual Studio Solution File, Format Version 12.00
# Visual Studio 15
VisualStudioVersion = 15.0.27130.2036
MinimumVisualStudioVersion = 10.0.40219.1
Project("{FAE04EC0-301F-11D3-BF4B-00C04F79EFBC}") = "ProjetoCSharp", "ProjetoCSharp\ProjetoCSharp.csproj", "{C72BD74C-AAE1-44EC-B7DB-336369CAFCA4}"
EndProject
Project("{FAE04EC0-301F-11D3-BF4B-00C04F79EFBC}") = "Modelos", "Modelos\Modelos.csproj", "{16C8BE00-EDD9-4AD3-BA0B-5BC326938E8A}"
EndProject
Project("{FAE04EC0-301F-11D3-BF4B-00C04F79EFBC}") = "Controller", "Controller\Controller.csproj", "{7C32D97C-F2E0-4CC0-88AD-8B4F65F77A39}"
EndProject
Global
	GlobalSection(SolutionConfigurationPlatforms) = preSolution
		Debug|Any CPU = Debug|Any CPU
		Release|Any CPU = Release|Any CPU
	EndGlobalSection
	GlobalSection(ProjectConfigurationPlatforms) = postSolution
		{C72BD74C-AAE1-44EC-B7DB-336369CAFCA4}.Debug|Any CPU.ActiveCfg = Debug|Any CPU
		{C72BD74C-AAE1-44EC-B7DB-336369CAFCA4}.Debug|Any CPU.Build.0 = Debug|Any CPU
		{C72BD74C-AAE1-44EC-B7DB-336369CAFCA4}.Release|Any CPU.ActiveCfg = Release|Any CPU
		{C72BD74C-AAE1-44EC-B7DB-336369CAFCA4}.Release|Any CPU.Build.0 = Release|Any CPU
		{16C8BE00-EDD9-4AD3-BA0B-5BC326938E8A}.Debug|Any CPU.ActiveCfg = Debug|Any CPU
		{16C8BE00-EDD9-4AD3-BA0B-5BC326938E8A}.Debug|Any CPU.Build.0 = Debug|Any CPU
		{16C8BE00-EDD9-4AD3-BA0B-5BC326938E8A}.Release|Any CPU.ActiveCfg = Release|Any CPU
		{16C8BE00-EDD9-4AD3-BA0B-5BC326938E8A}.Release|Any CPU.Build.0 = Release|Any CPU
		{7C32D97C-F2E0-4CC0-88AD-8B4F65F77A39}.Debug|Any CPU.ActiveCfg = Debug|Any CPU
		{7C32D97C-F2E0-4CC0-88AD-8B4F65F77A39}.Debug|Any CPU.Build.0 = Debug|Any CPU
		{7C32D97C-F2E0-4CC0-88AD-8B4F65F77A39}.Release|Any CPU.ActiveCfg = Release|Any CPU
		{7C32D97C-F2E0-4CC0-88AD-8B4F65F77A39}.Release|Any CPU.Build.0 = Release|Any CPU
	EndGlobalSection
	GlobalSection(SolutionProperties) = preSolution
		HideSolutionNode = FALSE
	EndGlobalSection
	GlobalSection(ExtensibilityGlobals) = postSolution
		SolutionGuid = {B70D4889-C8A2-4703-867B-D2AD5F700EAA}
	EndGlobalSection
EndGlobal
